
Microsoft Visual Studio Solution File, Format Version 12.00
# Visual Studio Version 17
VisualStudioVersion = 17.0.31903.59
MinimumVisualStudioVersion = 10.0.40219.1
Project("{FAE04EC0-301F-11D3-BF4B-00C04F79EFBC}") = "Ch6Q14", "Ch6Q14\Ch6Q14.csproj", "{4E5BA638-D2E6-4379-A583-536B93EDF875}"
EndProject
Global
	GlobalSection(SolutionConfigurationPlatforms) = preSolution
		Debug|Any CPU = Debug|Any CPU
		Release|Any CPU = Release|Any CPU
	EndGlobalSection
	GlobalSection(SolutionProperties) = preSolution
		HideSolutionNode = FALSE
	EndGlobalSection
	GlobalSection(ProjectConfigurationPlatforms) = postSolution
		{4E5BA638-D2E6-4379-A583-536B93EDF875}.Debug|Any CPU.ActiveCfg = Debug|Any CPU
		{4E5BA638-D2E6-4379-A583-536B93EDF875}.Debug|Any CPU.Build.0 = Debug|Any CPU
		{4E5BA638-D2E6-4379-A583-536B93EDF875}.Release|Any CPU.ActiveCfg = Release|Any CPU
		{4E5BA638-D2E6-4379-A583-536B93EDF875}.Release|Any CPU.Build.0 = Release|Any CPU
	EndGlobalSection
EndGlobal
