
Microsoft Visual Studio Solution File, Format Version 12.00
# Visual Studio Version 17
VisualStudioVersion = 17.0.31903.59
MinimumVisualStudioVersion = 10.0.40219.1
Project("{FAE04EC0-301F-11D3-BF4B-00C04F79EFBC}") = "Ch11Q6", "Ch11Q6\Ch11Q6.csproj", "{D97BADDF-9829-4D89-84B1-CA2FEE422D43}"
EndProject
Global
	GlobalSection(SolutionConfigurationPlatforms) = preSolution
		Debug|Any CPU = Debug|Any CPU
		Release|Any CPU = Release|Any CPU
	EndGlobalSection
	GlobalSection(SolutionProperties) = preSolution
		HideSolutionNode = FALSE
	EndGlobalSection
	GlobalSection(ProjectConfigurationPlatforms) = postSolution
		{D97BADDF-9829-4D89-84B1-CA2FEE422D43}.Debug|Any CPU.ActiveCfg = Debug|Any CPU
		{D97BADDF-9829-4D89-84B1-CA2FEE422D43}.Debug|Any CPU.Build.0 = Debug|Any CPU
		{D97BADDF-9829-4D89-84B1-CA2FEE422D43}.Release|Any CPU.ActiveCfg = Release|Any CPU
		{D97BADDF-9829-4D89-84B1-CA2FEE422D43}.Release|Any CPU.Build.0 = Release|Any CPU
	EndGlobalSection
EndGlobal
