
Microsoft Visual Studio Solution File, Format Version 12.00
# Visual Studio Version 17
VisualStudioVersion = 17.0.31903.59
MinimumVisualStudioVersion = 10.0.40219.1
Project("{FAE04EC0-301F-11D3-BF4B-00C04F79EFBC}") = "Ch10Q1", "Ch10Q1\Ch10Q1.csproj", "{5FAF29DB-0D74-427F-8496-2EEF34F23CBA}"
EndProject
Global
	GlobalSection(SolutionConfigurationPlatforms) = preSolution
		Debug|Any CPU = Debug|Any CPU
		Release|Any CPU = Release|Any CPU
	EndGlobalSection
	GlobalSection(SolutionProperties) = preSolution
		HideSolutionNode = FALSE
	EndGlobalSection
	GlobalSection(ProjectConfigurationPlatforms) = postSolution
		{5FAF29DB-0D74-427F-8496-2EEF34F23CBA}.Debug|Any CPU.ActiveCfg = Debug|Any CPU
		{5FAF29DB-0D74-427F-8496-2EEF34F23CBA}.Debug|Any CPU.Build.0 = Debug|Any CPU
		{5FAF29DB-0D74-427F-8496-2EEF34F23CBA}.Release|Any CPU.ActiveCfg = Release|Any CPU
		{5FAF29DB-0D74-427F-8496-2EEF34F23CBA}.Release|Any CPU.Build.0 = Release|Any CPU
	EndGlobalSection
EndGlobal
